{
  "nodes": {
    "augment-command-yazi": {
      "flake": false,
      "locked": {
        "lastModified": 1781416096,
        "narHash": "sha256-6eRbn9ph4xOQAga1X2Ouu9XJgJl66Dpfxov/w6x4wPw=",
        "owner": "hankertrix",
        "repo": "augment-command.yazi",
        "rev": "18ad50f1fce7ced7a4db104d954a649128e6c31a",
        "type": "github"
      },
      "original": {
        "owner": "hankertrix",
        "repo": "augment-command.yazi",
        "type": "github"
      }
    },
    "base16": {
      "inputs": {
        "fromYaml": "fromYaml"
      },
      "locked": {
        "lastModified": 1755819240,
        "narHash": "sha256-qcMhnL7aGAuFuutH4rq9fvAhCpJWVHLcHVZLtPctPlo=",
        "owner": "SenchoPens",
        "repo": "base16.nix",
        "rev": "75ed5e5e3fce37df22e49125181fa37899c3ccd6",
        "type": "github"
      },
      "original": {
        "owner": "SenchoPens",
        "repo": "base16.nix",
        "type": "github"
      }
    },
    "base16-fish": {
      "flake": false,
      "locked": {
        "lastModified": 1765809053,
        "narHash": "sha256-XCUQLoLfBJ8saWms2HCIj4NEN+xNsWBlU1NrEPcQG4s=",
        "owner": "tomyun",
        "repo": "base16-fish",
        "rev": "86cbea4dca62e08fb7fd83a70e96472f92574782",
        "type": "github"
      },
      "original": {
        "owner": "tomyun",
        "repo": "base16-fish",
        "rev": "86cbea4dca62e08fb7fd83a70e96472f92574782",
        "type": "github"
      }
    },
    "base16-helix": {
      "flake": false,
      "locked": {
        "lastModified": 1776754714,
        "narHash": "sha256-E3OAK27smtATTmX45uoTSRsVD+Y+ZiVVfgM/tjpbtYg=",
        "owner": "tinted-theming",
        "repo": "base16-helix",
        "rev": "4d508123037e7851ad36ebf7d9c48b0e9e1eb581",
        "type": "github"
      },
      "original": {
        "owner": "tinted-theming",
        "repo": "base16-helix",
        "type": "github"
      }
    },
    "base16-vim": {
      "flake": false,
      "locked": {
        "lastModified": 1732806396,
        "narHash": "sha256-e0bpPySdJf0F68Ndanwm+KWHgQiZ0s7liLhvJSWDNsA=",
        "owner": "tinted-theming",
        "repo": "base16-vim",
        "rev": "577fe8125d74ff456cf942c733a85d769afe58b7",
        "type": "github"
      },
      "original": {
        "owner": "tinted-theming",
        "repo": "base16-vim",
        "rev": "577fe8125d74ff456cf942c733a85d769afe58b7",
        "type": "github"
      }
    },
    "bevy-migration-gist": {
      "flake": false,
      "locked": {
        "lastModified": 1772408739,
        "narHash": "sha256-VdcRcPWr/ZNZsF0n8JwvToTr3vZ28rpSt0oA0QMSDEM=",
        "ref": "refs/heads/main",
        "rev": "1fe01db59442d33d1759d77d17495f1d8bd01520",
        "revCount": 1,
        "type": "git",
        "url": "https://gist.github.com/tobyhede/f03ab33c3ccdf1ac2ccfbfe76d6af912"
      },
      "original": {
        "type": "git",
        "url": "https://gist.github.com/tobyhede/f03ab33c3ccdf1ac2ccfbfe76d6af912"
      }
    },
    "cl-nix-lite": {
      "inputs": {
        "flake-parts": "flake-parts",
        "nixpkgs": "nixpkgs",
        "systems": "systems_2",
        "treefmt-nix": "treefmt-nix"
      },
      "locked": {
        "lastModified": 1766810506,
        "narHash": "sha256-I4BxozsEu205tA7jazufztI8ZQ5p7hcCnjqrSKPz9nI=",
        "owner": "hraban",
        "repo": "cl-nix-lite",
        "rev": "038e341cede255a83a8f04af114dc95717461d32",
        "type": "github"
      },
      "original": {
        "owner": "hraban",
        "repo": "cl-nix-lite",
        "type": "github"
      }
    },
    "claude-code-plugins": {
      "flake": false,
      "locked": {
        "lastModified": 1781661444,
        "narHash": "sha256-li1D6zXSPdMKtR7SGlXzjqpivMPcrrXnt+obnMkd8qk=",
        "owner": "anthropics",
        "repo": "claude-plugins-official",
        "rev": "ccdc03c56532519760df6363a6eef87324470fc8",
        "type": "github"
      },
      "original": {
        "owner": "anthropics",
        "repo": "claude-plugins-official",
        "type": "github"
      }
    },
    "crane": {
      "locked": {
        "lastModified": 1775236976,
        "narHash": "sha256-gCgX+AXN7K1gAIEqcLcZHxmC+QoZcwn9m6Z9r2Az+N8=",
        "owner": "ipetkov",
        "repo": "crane",
        "rev": "6c23998526351a53ce734f0ac84940da988ccef1",
        "type": "github"
      },
      "original": {
        "owner": "ipetkov",
        "repo": "crane",
        "type": "github"
      }
    },
    "crane_2": {
      "locked": {
        "lastModified": 1773115265,
        "narHash": "sha256-5fDkKTYEgue2klksd52WvcXfZdY1EIlbk0QggAwpFog=",
        "owner": "ipetkov",
        "repo": "crane",
        "rev": "27711550d109bf6236478dc9f53b9e29c1a374c5",
        "type": "github"
      },
      "original": {
        "owner": "ipetkov",
        "repo": "crane",
        "type": "github"
      }
    },
    "crane_3": {
      "locked": {
        "lastModified": 1776635034,
        "narHash": "sha256-OEOJrT3ZfwbChzODfIH4GzlNTtOFuZFWPtW7jIeR8xU=",
        "owner": "ipetkov",
        "repo": "crane",
        "rev": "dc7496d8ea6e526b1254b55d09b966e94673750f",
        "type": "github"
      },
      "original": {
        "owner": "ipetkov",
        "repo": "crane",
        "type": "github"
      }
    },
    "devshell": {
      "inputs": {
        "nixpkgs": [
          "mcp-nixos",
          "nixpkgs"
        ]
      },
      "locked": {
        "lastModified": 1768818222,
        "narHash": "sha256-460jc0+CZfyaO8+w8JNtlClB2n4ui1RbHfPTLkpwhU8=",
        "owner": "numtide",
        "repo": "devshell",
        "rev": "255a2b1725a20d060f566e4755dbf571bbbb5f76",
        "type": "github"
      },
      "original": {
        "owner": "numtide",
        "repo": "devshell",
        "type": "github"
      }
    },
    "difftastic-nvim": {
      "flake": false,
      "locked": {
        "lastModified": 1773499820,
        "narHash": "sha256-23NGKhytF3OsLJgdrC51IH/sIGoqe/yBfmPsZKHOMSk=",
        "owner": "clabby",
        "repo": "difftastic.nvim",
        "rev": "6041ef0244b3fecf3b7f07de9af8cfbf8dbc4945",
        "type": "github"
      },
      "original": {
        "owner": "clabby",
        "repo": "difftastic.nvim",
        "type": "github"
      }
    },
    "difftastic-src": {
      "flake": false,
      "locked": {
        "lastModified": 1781209061,
        "narHash": "sha256-F1IhH7WGi/1sWE/x+QAk/+A12RVfe6A1yArPkSuoNUs=",
        "owner": "Wilfred",
        "repo": "difftastic",
        "rev": "49e5cff6b035431421709dc1f74363d8d14638b9",
        "type": "github"
      },
      "original": {
        "owner": "Wilfred",
        "repo": "difftastic",
        "type": "github"
      }
    },
    "earthtone-nvim": {
      "inputs": {
        "nixpkgs": [
          "nixpkgs"
        ]
      },
      "locked": {
        "lastModified": 1772817840,
        "narHash": "sha256-dNjQrhhpDwpFrM0zLtEtkH6mtl1+YZYgCE4dt9wpSZE=",
        "owner": "vaporif",
        "repo": "earthtone.nvim",
        "rev": "13e350d153dbc6bc74d51fa0efb902831909d2a6",
        "type": "github"
      },
      "original": {
        "owner": "vaporif",
        "repo": "earthtone.nvim",
        "type": "github"
      }
    },
    "fenix": {
      "inputs": {
        "nixpkgs": [
          "ferrex",
          "nixpkgs"
        ],
        "rust-analyzer-src": "rust-analyzer-src"
      },
      "locked": {
        "lastModified": 1775201252,
        "narHash": "sha256-CFXf8rcU+NekWtu5fkI8x7QF9uoeJyaiNo/bvKK/lyY=",
        "owner": "nix-community",
        "repo": "fenix",
        "rev": "0b88bfd10f819d000d35d296debe283db89b623b",
        "type": "github"
      },
      "original": {
        "owner": "nix-community",
        "repo": "fenix",
        "type": "github"
      }
    },
    "fenix_2": {
      "inputs": {
        "nixpkgs": [
          "mcp-youtube",
          "nixpkgs"
        ],
        "rust-analyzer-src": "rust-analyzer-src_2"
      },
      "locked": {
        "lastModified": 1773126504,
        "narHash": "sha256-/iXlg2V5UMlgCmyRHkPHjlD6NdMfFOnwFMvH7REigD4=",
        "owner": "nix-community",
        "repo": "fenix",
        "rev": "64407ddb1932af06ed5cd711f6a2ed946b2548b9",
        "type": "github"
      },
      "original": {
        "owner": "nix-community",
        "repo": "fenix",
        "type": "github"
      }
    },
    "fenix_3": {
      "inputs": {
        "nixpkgs": [
          "nix-devshells",
          "nixpkgs"
        ],
        "rust-analyzer-src": "rust-analyzer-src_3"
      },
      "locked": {
        "lastModified": 1777969788,
        "narHash": "sha256-8sr3w0KyQ0K7TEd8pYwYrxiDk0GZ4A7iIcl1lsxlzVM=",
        "owner": "nix-community",
        "repo": "fenix",
        "rev": "3abc2d5559f4dc30c710ab152abcb4cb60b561ba",
        "type": "github"
      },
      "original": {
        "owner": "nix-community",
        "repo": "fenix",
        "type": "github"
      }
    },
    "fenix_4": {
      "inputs": {
        "nixpkgs": [
          "parry-guard",
          "nixpkgs"
        ],
        "rust-analyzer-src": "rust-analyzer-src_4"
      },
      "locked": {
        "lastModified": 1776673701,
        "narHash": "sha256-3rHmpU0phsXWJtSNbiolAeMzwLN+51G1Ji4FVENurMw=",
        "owner": "nix-community",
        "repo": "fenix",
        "rev": "d0ff0a903e7db7f8e71d5f7862446b7c92f12df7",
        "type": "github"
      },
      "original": {
        "owner": "nix-community",
        "repo": "fenix",
        "type": "github"
      }
    },
    "ferrex": {
      "inputs": {
        "crane": "crane",
        "fenix": "fenix",
        "nixpkgs": [
          "nixpkgs"
        ]
      },
      "locked": {
        "lastModified": 1776124385,
        "narHash": "sha256-Uq8CWpRlLw7Fw39x65r+vqbZOveYpvRoqsIHfzoOFVE=",
        "owner": "vaporif",
        "repo": "ferrex",
        "rev": "afe4d140f06b964f045a43925b7a4d76f1f4aca9",
        "type": "github"
      },
      "original": {
        "owner": "vaporif",
        "repo": "ferrex",
        "type": "github"
      }
    },
    "firefox-gnome-theme": {
      "flake": false,
      "locked": {
        "lastModified": 1779670703,
        "narHash": "sha256-UdfMivNMwCCqQsYDg5pSz8X2IOaOrIZLIIy+Bg3CO2o=",
        "owner": "rafaelmardojai",
        "repo": "firefox-gnome-theme",
        "rev": "942159e73e40bf785816f7f1f5feed9ef3d7c8f9",
        "type": "github"
      },
      "original": {
        "owner": "rafaelmardojai",
        "repo": "firefox-gnome-theme",
        "type": "github"
      }
    },
    "flake-compat": {
      "flake": false,
      "locked": {
        "lastModified": 1730663653,
        "narHash": "sha256-kFCUWettiFHDIqxCWWQ9qY8pVh+Lj+XL0Giyy/kdomg=",
        "owner": "hraban",
        "repo": "flake-compat",
        "rev": "e5b16676185cb7548581c852f51ce7f3a49bba5e",
        "type": "github"
      },
      "original": {
        "owner": "hraban",
        "ref": "fixed-output",
        "repo": "flake-compat",
        "type": "github"
      }
    },
    "flake-parts": {
      "inputs": {
        "nixpkgs-lib": "nixpkgs-lib"
      },
      "locked": {
        "lastModified": 1765835352,
        "narHash": "sha256-XswHlK/Qtjasvhd1nOa1e8MgZ8GS//jBoTqWtrS1Giw=",
        "owner": "hercules-ci",
        "repo": "flake-parts",
        "rev": "a34fae9c08a15ad73f295041fec82323541400a9",
        "type": "github"
      },
      "original": {
        "owner": "hercules-ci",
        "repo": "flake-parts",
        "type": "github"
      }
    },
    "flake-parts_2": {
      "inputs": {
        "nixpkgs-lib": "nixpkgs-lib_2"
      },
      "locked": {
        "lastModified": 1767609335,
        "narHash": "sha256-feveD98mQpptwrAEggBQKJTYbvwwglSbOv53uCfH9PY=",
        "owner": "hercules-ci",
        "repo": "flake-parts",
        "rev": "250481aafeb741edfe23d29195671c19b36b6dca",
        "type": "github"
      },
      "original": {
        "owner": "hercules-ci",
        "repo": "flake-parts",
        "type": "github"
      }
    },
    "flake-parts_3": {
      "inputs": {
        "nixpkgs-lib": "nixpkgs-lib_3"
      },
      "locked": {
        "lastModified": 1777988971,
        "narHash": "sha256-qIoWPDs+0/8JecyYgE3gpKQxW/4bLW/gp45vow9ioCQ=",
        "owner": "hercules-ci",
        "repo": "flake-parts",
        "rev": "0678d8986be1661af6bb555f3489f2fdfc31f6ff",
        "type": "github"
      },
      "original": {
        "owner": "hercules-ci",
        "repo": "flake-parts",
        "type": "github"
      }
    },
    "flake-parts_4": {
      "inputs": {
        "nixpkgs-lib": [
          "stylix",
          "nixpkgs"
        ]
      },
      "locked": {
        "lastModified": 1778716662,
        "narHash": "sha256-m1Yf0wZ8j1OHjTc2UwHwyQRSnNeSgLJOd7q5Y45hzi4=",
        "owner": "hercules-ci",
        "repo": "flake-parts",
        "rev": "f7c1a2d347e4c52d5fb8d10cb4d94b5884e546fb",
        "type": "github"
      },
      "original": {
        "owner": "hercules-ci",
        "repo": "flake-parts",
        "type": "github"
      }
    },
    "flake-utils": {
      "inputs": {
        "systems": "systems"
      },
      "locked": {
        "lastModified": 1731533236,
        "narHash": "sha256-l0KFg5HjrsfsO/JpG+r7fRrqm12kzFHyUHqHCVpMMbI=",
        "owner": "numtide",
        "repo": "flake-utils",
        "rev": "11707dc2f618dd54ca8739b309ec4fc024de578b",
        "type": "github"
      },
      "original": {
        "owner": "numtide",
        "repo": "flake-utils",
        "type": "github"
      }
    },
    "fromYaml": {
      "flake": false,
      "locked": {
        "lastModified": 1731966426,
        "narHash": "sha256-lq95WydhbUTWig/JpqiB7oViTcHFP8Lv41IGtayokA8=",
        "owner": "SenchoPens",
        "repo": "fromYaml",
        "rev": "106af9e2f715e2d828df706c386a685698f3223b",
        "type": "github"
      },
      "original": {
        "owner": "SenchoPens",
        "repo": "fromYaml",
        "type": "github"
      }
    },
    "gnome-shell": {
      "flake": false,
      "locked": {
        "lastModified": 1767737596,
        "narHash": "sha256-eFujfIUQDgWnSJBablOuG+32hCai192yRdrNHTv0a+s=",
        "owner": "GNOME",
        "repo": "gnome-shell",
        "rev": "ef02db02bf0ff342734d525b5767814770d85b49",
        "type": "github"
      },
      "original": {
        "owner": "GNOME",
        "repo": "gnome-shell",
        "rev": "ef02db02bf0ff342734d525b5767814770d85b49",
        "type": "github"
      }
    },
    "go-mod-nvim": {
      "flake": false,
      "locked": {
        "lastModified": 1743642915,
        "narHash": "sha256-+USgjGhbqBnZwhgg/83Sb/SvbB91Q44fcwPLj8zoBh4=",
        "owner": "syz51",
        "repo": "go-mod.nvim",
        "rev": "945a52b148b1025fa5e2820aa34ed83f6e90d3ed",
        "type": "github"
      },
      "original": {
        "owner": "syz51",
        "repo": "go-mod.nvim",
        "type": "github"
      }
    },
    "home-manager": {
      "inputs": {
        "nixpkgs": [
          "nixpkgs"
        ]
      },
      "locked": {
        "lastModified": 1781667738,
        "narHash": "sha256-OxrwHpsWf+QGbos1LMDGAcv7sjBGshcw/43th6waeYI=",
        "owner": "nix-community",
        "repo": "home-manager",
        "rev": "7664e05e2413d5e2b8c54a884eb8ea0f8a504fc2",
        "type": "github"
      },
      "original": {
        "owner": "nix-community",
        "repo": "home-manager",
        "type": "github"
      }
    },
    "humanizer": {
      "flake": false,
      "locked": {
        "lastModified": 1780874875,
        "narHash": "sha256-ub6w8mgYHnN7IXPJHgPiuH3mi3r6O0DNccCqAzP0Xi8=",
        "owner": "blader",
        "repo": "humanizer",
        "rev": "9600f2b7241cb4eed6ad803abee5ea01d67fe8e4",
        "type": "github"
      },
      "original": {
        "owner": "blader",
        "repo": "humanizer",
        "type": "github"
      }
    },
    "mac-app-util": {
      "inputs": {
        "cl-nix-lite": "cl-nix-lite",
        "flake-compat": "flake-compat",
        "flake-utils": [
          "flake-utils"
        ],
        "nixpkgs": "nixpkgs_3",
        "systems": "systems_3",
        "treefmt-nix": "treefmt-nix_2"
      },
      "locked": {
        "lastModified": 1766810876,
        "narHash": "sha256-VPElWFQIiP31lXQXEom+L4sl85alZpZn33O4hewsP9k=",
        "owner": "hraban",
        "repo": "mac-app-util",
        "rev": "4747968574ea58512c5385466400b2364c85d2d0",
        "type": "github"
      },
      "original": {
        "owner": "hraban",
        "repo": "mac-app-util",
        "type": "github"
      }
    },
    "mattpocock-skills": {
      "flake": false,
      "locked": {
        "lastModified": 1781103704,
        "narHash": "sha256-NGRKdnHSBKoR48zGotmJ3zGXnQ58ogudv8T4Va/2DSY=",
        "owner": "mattpocock",
        "repo": "skills",
        "rev": "694fa30311e02c2639942308513555e61ee84a6f",
        "type": "github"
      },
      "original": {
        "owner": "mattpocock",
        "repo": "skills",
        "type": "github"
      }
    },
    "mcp-nixos": {
      "inputs": {
        "devshell": "devshell",
        "flake-parts": "flake-parts_2",
        "nixpkgs": [
          "nixpkgs"
        ]
      },
      "locked": {
        "lastModified": 1778979290,
        "narHash": "sha256-rZ9Zn3+Z1VsZx1v9RDFVPwcbA0GJdewUm4cw7OQQuMM=",
        "owner": "utensils",
        "repo": "mcp-nixos",
        "rev": "0ef99b6a5674e60ca315dc55a0f458673bb1e4fa",
        "type": "github"
      },
      "original": {
        "owner": "utensils",
        "repo": "mcp-nixos",
        "type": "github"
      }
    },
    "mcp-servers-nix": {
      "inputs": {
        "nixpkgs": [
          "nixpkgs"
        ]
      },
      "locked": {
        "lastModified": 1781692185,
        "narHash": "sha256-Fof2NDs2JDsuzQdrBRKFsXfsczpPVQ2HXtcdNlpfCpQ=",
        "owner": "natsukium",
        "repo": "mcp-servers-nix",
        "rev": "6fadaf0ecad1e971e6582c09ac90330a6f73dd92",
        "type": "github"
      },
      "original": {
        "owner": "natsukium",
        "repo": "mcp-servers-nix",
        "type": "github"
      }
    },
    "mcp-youtube": {
      "inputs": {
        "crane": "crane_2",
        "fenix": "fenix_2",
        "nixpkgs": [
          "nixpkgs"
        ]
      },
      "locked": {
        "lastModified": 1773432063,
        "narHash": "sha256-f/gKMvhx/gk5OlI797EStMCRWpGKeeuRgqq5purY21M=",
        "owner": "vaporif",
        "repo": "mcp-server-youtube",
        "rev": "4ec9581c3d2f6b621d50063ebf9c9e45056c90f9",
        "type": "github"
      },
      "original": {
        "owner": "vaporif",
        "repo": "mcp-server-youtube",
        "type": "github"
      }
    },
    "napkin": {
      "flake": false,
      "locked": {
        "lastModified": 1771635751,
        "narHash": "sha256-M7+QS8paZAbEHGkweZJUXggskPGlo6GzAAIG283Ft04=",
        "owner": "blader",
        "repo": "napkin",
        "rev": "27fa60a895de4383b26a539136bc983155cb979c",
        "type": "github"
      },
      "original": {
        "owner": "blader",
        "repo": "napkin",
        "type": "github"
      }
    },
    "nix-darwin": {
      "inputs": {
        "nixpkgs": [
          "nixpkgs"
        ]
      },
      "locked": {
        "lastModified": 1781242433,
        "narHash": "sha256-bchLZZ3sRn740zyvD2icZSnNoTaanN0nw7l6fjVXO+E=",
        "owner": "nix-darwin",
        "repo": "nix-darwin",
        "rev": "aabb2037edfc0f210723b72cd5f528aab5dd3f0b",
        "type": "github"
      },
      "original": {
        "owner": "nix-darwin",
        "ref": "master",
        "repo": "nix-darwin",
        "type": "github"
      }
    },
    "nix-devshells": {
      "inputs": {
        "fenix": "fenix_3",
        "flake-parts": "flake-parts_3",
        "nixpkgs": [
          "nixpkgs"
        ]
      },
      "locked": {
        "lastModified": 1778185989,
        "narHash": "sha256-Sg1RqzEuVfnl7aDQUBY5cYZw0MnaGxLqqIk9T91Ormc=",
        "owner": "vaporif",
        "repo": "nix-devshells",
        "rev": "80896519dd00c43fdc2ed0e2d70f7941ea3ae7c0",
        "type": "github"
      },
      "original": {
        "owner": "vaporif",
        "repo": "nix-devshells",
        "type": "github"
      }
    },
    "nixpkgs": {
      "locked": {
        "lastModified": 1766736597,
        "narHash": "sha256-BASnpCLodmgiVn0M1MU2Pqyoz0aHwar/0qLkp7CjvSQ=",
        "owner": "nixos",
        "repo": "nixpkgs",
        "rev": "f560ccec6b1116b22e6ed15f4c510997d99d5852",
        "type": "github"
      },
      "original": {
        "owner": "nixos",
        "ref": "nixos-25.11",
        "repo": "nixpkgs",
        "type": "github"
      }
    },
    "nixpkgs-lib": {
      "locked": {
        "lastModified": 1765674936,
        "narHash": "sha256-k00uTP4JNfmejrCLJOwdObYC9jHRrr/5M/a/8L2EIdo=",
        "owner": "nix-community",
        "repo": "nixpkgs.lib",
        "rev": "2075416fcb47225d9b68ac469a5c4801a9c4dd85",
        "type": "github"
      },
      "original": {
        "owner": "nix-community",
        "repo": "nixpkgs.lib",
        "type": "github"
      }
    },
    "nixpkgs-lib_2": {
      "locked": {
        "lastModified": 1765674936,
        "narHash": "sha256-k00uTP4JNfmejrCLJOwdObYC9jHRrr/5M/a/8L2EIdo=",
        "owner": "nix-community",
        "repo": "nixpkgs.lib",
        "rev": "2075416fcb47225d9b68ac469a5c4801a9c4dd85",
        "type": "github"
      },
      "original": {
        "owner": "nix-community",
        "repo": "nixpkgs.lib",
        "type": "github"
      }
    },
    "nixpkgs-lib_3": {
      "locked": {
        "lastModified": 1777168982,
        "narHash": "sha256-GOkGPcboWE9BmGCRMLX3worL4EMnsnG8MyKmXNeYuhQ=",
        "owner": "nix-community",
        "repo": "nixpkgs.lib",
        "rev": "f5901329dade4a6ea039af1433fb087bd9c1fe14",
        "type": "github"
      },
      "original": {
        "owner": "nix-community",
        "repo": "nixpkgs.lib",
        "type": "github"
      }
    },
    "nixpkgs_2": {
      "locked": {
        "lastModified": 1761236834,
        "narHash": "sha256-+pthv6hrL5VLW2UqPdISGuLiUZ6SnAXdd2DdUE+fV2Q=",
        "owner": "nixos",
        "repo": "nixpkgs",
        "rev": "d5faa84122bc0a1fd5d378492efce4e289f8eac1",
        "type": "github"
      },
      "original": {
        "owner": "nixos",
        "ref": "nixpkgs-unstable",
        "repo": "nixpkgs",
        "type": "github"
      }
    },
    "nixpkgs_3": {
      "locked": {
        "lastModified": 1732617236,
        "narHash": "sha256-PYkz6U0bSEaEB1al7O1XsqVNeSNS+s3NVclJw7YC43w=",
        "owner": "NixOS",
        "repo": "nixpkgs",
        "rev": "af51545ec9a44eadf3fe3547610a5cdd882bc34e",
        "type": "github"
      },
      "original": {
        "owner": "NixOS",
        "repo": "nixpkgs",
        "rev": "af51545ec9a44eadf3fe3547610a5cdd882bc34e",
        "type": "github"
      }
    },
    "nixpkgs_4": {
      "locked": {
        "lastModified": 1761236834,
        "narHash": "sha256-+pthv6hrL5VLW2UqPdISGuLiUZ6SnAXdd2DdUE+fV2Q=",
        "owner": "nixos",
        "repo": "nixpkgs",
        "rev": "d5faa84122bc0a1fd5d378492efce4e289f8eac1",
        "type": "github"
      },
      "original": {
        "owner": "nixos",
        "ref": "nixpkgs-unstable",
        "repo": "nixpkgs",
        "type": "github"
      }
    },
    "nixpkgs_5": {
      "locked": {
        "lastModified": 1781607440,
        "narHash": "sha256-rxO+uc/KFbSJp+pgyXRuAX6QlG9hJdnt0BXpEQRXY+U=",
        "owner": "NixOS",
        "repo": "nixpkgs",
        "rev": "3e41b24abd260e8f71dbe2f5737d24122f972158",
        "type": "github"
      },
      "original": {
        "owner": "NixOS",
        "ref": "nixpkgs-unstable",
        "repo": "nixpkgs",
        "type": "github"
      }
    },
    "nur": {
      "inputs": {
        "flake-parts": [
          "stylix",
          "flake-parts"
        ],
        "nixpkgs": [
          "stylix",
          "nixpkgs"
        ]
      },
      "locked": {
        "lastModified": 1780281641,
        "narHash": "sha256-M/+hUKoKbHXpV0xGVfELbN1Ds1aoe3pL5p5/t46YhVo=",
        "owner": "nix-community",
        "repo": "NUR",
        "rev": "30f9ae2f04174de63ba8bcf3580ca90843b28a01",
        "type": "github"
      },
      "original": {
        "owner": "nix-community",
        "repo": "NUR",
        "type": "github"
      }
    },
    "parry-guard": {
      "inputs": {
        "crane": "crane_3",
        "fenix": "fenix_4",
        "nixpkgs": [
          "nixpkgs"
        ]
      },
      "locked": {
        "lastModified": 1778414686,
        "narHash": "sha256-9mBHHHvbMEwjYLrF9bs49qNV0qvytkgscrzYz/VvUf0=",
        "owner": "vaporif",
        "repo": "parry-guard",
        "rev": "a31192b6b7dc08c3b001c88459227f927b260aa2",
        "type": "github"
      },
      "original": {
        "owner": "vaporif",
        "repo": "parry-guard",
        "type": "github"
      }
    },
    "root": {
      "inputs": {
        "augment-command-yazi": "augment-command-yazi",
        "bevy-migration-gist": "bevy-migration-gist",
        "claude-code-plugins": "claude-code-plugins",
        "difftastic-nvim": "difftastic-nvim",
        "difftastic-src": "difftastic-src",
        "earthtone-nvim": "earthtone-nvim",
        "ferrex": "ferrex",
        "flake-utils": "flake-utils",
        "go-mod-nvim": "go-mod-nvim",
        "home-manager": "home-manager",
        "humanizer": "humanizer",
        "mac-app-util": "mac-app-util",
        "mattpocock-skills": "mattpocock-skills",
        "mcp-nixos": "mcp-nixos",
        "mcp-servers-nix": "mcp-servers-nix",
        "mcp-youtube": "mcp-youtube",
        "napkin": "napkin",
        "nix-darwin": "nix-darwin",
        "nix-devshells": "nix-devshells",
        "nixpkgs": "nixpkgs_5",
        "parry-guard": "parry-guard",
        "sandnix": "sandnix",
        "sops-nix": "sops-nix",
        "stylix": "stylix",
        "superpowers": "superpowers",
        "vim-tidal": "vim-tidal",
        "vim-tidal-lua": "vim-tidal-lua",
        "wezterm-agent-deck": "wezterm-agent-deck",
        "wrappers": "wrappers",
        "wshobson-agents": "wshobson-agents",
        "yafg-yazi": "yafg-yazi",
        "yamb-yazi": "yamb-yazi"
      }
    },
    "rust-analyzer-src": {
      "flake": false,
      "locked": {
        "lastModified": 1775174431,
        "narHash": "sha256-jSw1C5MuyySiCpPgjdR+H0wPR3AgPRuylLunw+yd7A0=",
        "owner": "rust-lang",
        "repo": "rust-analyzer",
        "rev": "9767050b2db436f5a770c5f91a548c88fd91ec71",
        "type": "github"
      },
      "original": {
        "owner": "rust-lang",
        "ref": "nightly",
        "repo": "rust-analyzer",
        "type": "github"
      }
    },
    "rust-analyzer-src_2": {
      "flake": false,
      "locked": {
        "lastModified": 1773053271,
        "narHash": "sha256-5xc4Bk4/AgIOpf8NSNJxD+vNJ9KVyDailQ1EmfMmwjE=",
        "owner": "rust-lang",
        "repo": "rust-analyzer",
        "rev": "16e4436162aae5dbfe5b5ebb9ed0ded2305cff25",
        "type": "github"
      },
      "original": {
        "owner": "rust-lang",
        "ref": "nightly",
        "repo": "rust-analyzer",
        "type": "github"
      }
    },
    "rust-analyzer-src_3": {
      "flake": false,
      "locked": {
        "lastModified": 1777924689,
        "narHash": "sha256-9Z0puLyCSYvtYhP1IZMxC05DSgwA+5rE99jsv1KErc4=",
        "owner": "rust-lang",
        "repo": "rust-analyzer",
        "rev": "91c7c2c4ca6a0520cfbf97e369e4fb7bf0b63b7a",
        "type": "github"
      },
      "original": {
        "owner": "rust-lang",
        "ref": "nightly",
        "repo": "rust-analyzer",
        "type": "github"
      }
    },
    "rust-analyzer-src_4": {
      "flake": false,
      "locked": {
        "lastModified": 1776636258,
        "narHash": "sha256-F3vhhEDyiPPWuYFxjFw+sv7BnLAGeb2bgS6xV+snvVQ=",
        "owner": "rust-lang",
        "repo": "rust-analyzer",
        "rev": "adef948679e1f550805eeb2a78d10e25c0279f54",
        "type": "github"
      },
      "original": {
        "owner": "rust-lang",
        "ref": "nightly",
        "repo": "rust-analyzer",
        "type": "github"
      }
    },
    "sandnix": {
      "locked": {
        "lastModified": 1777524131,
        "narHash": "sha256-ZdPRzFA05rJxWyXo+9odazeaADodo0Uxv0UHeXWV70w=",
        "owner": "srid",
        "repo": "sandnix",
        "rev": "0a05a4fbdf0fc98157a4efd6f4738fd1c2d995a8",
        "type": "github"
      },
      "original": {
        "owner": "srid",
        "repo": "sandnix",
        "type": "github"
      }
    },
    "sops-nix": {
      "inputs": {
        "nixpkgs": [
          "nixpkgs"
        ]
      },
      "locked": {
        "lastModified": 1780547341,
        "narHash": "sha256-Gq8KNx5A7hBB3uGJaj6eQfLDIz5YdLu92gqBcvHvoUo=",
        "owner": "Mic92",
        "repo": "sops-nix",
        "rev": "9ed65852b6257fbeae4355bc24ecfea307ca759a",
        "type": "github"
      },
      "original": {
        "owner": "Mic92",
        "repo": "sops-nix",
        "type": "github"
      }
    },
    "stylix": {
      "inputs": {
        "base16": "base16",
        "base16-fish": "base16-fish",
        "base16-helix": "base16-helix",
        "base16-vim": "base16-vim",
        "firefox-gnome-theme": "firefox-gnome-theme",
        "flake-parts": "flake-parts_4",
        "gnome-shell": "gnome-shell",
        "nixpkgs": [
          "nixpkgs"
        ],
        "nur": "nur",
        "systems": "systems_4",
        "tinted-kitty": "tinted-kitty",
        "tinted-schemes": "tinted-schemes",
        "tinted-tmux": "tinted-tmux",
        "tinted-zed": "tinted-zed"
      },
      "locked": {
        "lastModified": 1781018772,
        "narHash": "sha256-C+cGIUaC6dqfwTbI+BwCd572PbESGA3WYxR1sLTqxkY=",
        "owner": "nix-community",
        "repo": "stylix",
        "rev": "a378e4c09031fb15a4d65da88aa628f71fc52f6b",
        "type": "github"
      },
      "original": {
        "owner": "nix-community",
        "repo": "stylix",
        "type": "github"
      }
    },
    "superpowers": {
      "flake": false,
      "locked": {
        "lastModified": 1781674939,
        "narHash": "sha256-D47uMC80wcIMNzW/rA7VUVGc4hzlmcZJMCrLyp2lbAY=",
        "owner": "obra",
        "repo": "superpowers",
        "rev": "b62616fc12f6a007c6fd5118146821d748da0d33",
        "type": "github"
      },
      "original": {
        "owner": "obra",
        "repo": "superpowers",
        "type": "github"
      }
    },
    "systems": {
      "locked": {
        "lastModified": 1681028828,
        "narHash": "sha256-Vy1rq5AaRuLzOxct8nz4T6wlgyUR7zLU309k9mBC768=",
        "owner": "nix-systems",
        "repo": "default",
        "rev": "da67096a3b9bf56a91d16901293e51ba5b49a27e",
        "type": "github"
      },
      "original": {
        "owner": "nix-systems",
        "repo": "default",
        "type": "github"
      }
    },
    "systems_2": {
      "locked": {
        "lastModified": 1681028828,
        "narHash": "sha256-Vy1rq5AaRuLzOxct8nz4T6wlgyUR7zLU309k9mBC768=",
        "owner": "nix-systems",
        "repo": "default",
        "rev": "da67096a3b9bf56a91d16901293e51ba5b49a27e",
        "type": "github"
      },
      "original": {
        "owner": "nix-systems",
        "repo": "default",
        "type": "github"
      }
    },
    "systems_3": {
      "locked": {
        "lastModified": 1689347925,
        "narHash": "sha256-ozenz5bFe1UUqOn7f60HRmgc01BgTGIKZ4Xl+HbocGQ=",
        "owner": "nix-systems",
        "repo": "default-darwin",
        "rev": "2235d7e6cc29ae99878133c95e9fe5e157661ffb",
        "type": "github"
      },
      "original": {
        "owner": "nix-systems",
        "repo": "default-darwin",
        "type": "github"
      }
    },
    "systems_4": {
      "locked": {
        "lastModified": 1681028828,
        "narHash": "sha256-Vy1rq5AaRuLzOxct8nz4T6wlgyUR7zLU309k9mBC768=",
        "owner": "nix-systems",
        "repo": "default",
        "rev": "da67096a3b9bf56a91d16901293e51ba5b49a27e",
        "type": "github"
      },
      "original": {
        "owner": "nix-systems",
        "repo": "default",
        "type": "github"
      }
    },
    "tinted-kitty": {
      "flake": false,
      "locked": {
        "lastModified": 1735730497,
        "narHash": "sha256-4KtB+FiUzIeK/4aHCKce3V9HwRvYaxX+F1edUrfgzb8=",
        "owner": "tinted-theming",
        "repo": "tinted-kitty",
        "rev": "de6f888497f2c6b2279361bfc790f164bfd0f3fa",
        "type": "github"
      },
      "original": {
        "owner": "tinted-theming",
        "repo": "tinted-kitty",
        "type": "github"
      }
    },
    "tinted-schemes": {
      "flake": false,
      "locked": {
        "lastModified": 1777806186,
        "narHash": "sha256-PDF0/wObw4nIsSBeXVYLsloXOiphXCgIdsrNcVXguKs=",
        "owner": "tinted-theming",
        "repo": "schemes",
        "rev": "0c94645546f4f3ddac77a1a5fce54eb95bf50795",
        "type": "github"
      },
      "original": {
        "owner": "tinted-theming",
        "repo": "schemes",
        "type": "github"
      }
    },
    "tinted-tmux": {
      "flake": false,
      "locked": {
        "lastModified": 1778379944,
        "narHash": "sha256-wPDFzMGSlARlw0Sfsn48Q2+jPSfk6N0Ng6BC/d+7Q24=",
        "owner": "tinted-theming",
        "repo": "tinted-tmux",
        "rev": "fe0203a198690e71a5ff11e08812a4673de3678d",
        "type": "github"
      },
      "original": {
        "owner": "tinted-theming",
        "repo": "tinted-tmux",
        "type": "github"
      }
    },
    "tinted-zed": {
      "flake": false,
      "locked": {
        "lastModified": 1778378178,
        "narHash": "sha256-OXPXRIQgGwV77HjYRryOHguh4ALX96jkg+tseLkGgHA=",
        "owner": "tinted-theming",
        "repo": "base16-zed",
        "rev": "9cd816033ff969415b190722cddf134e78a5665f",
        "type": "github"
      },
      "original": {
        "owner": "tinted-theming",
        "repo": "base16-zed",
        "type": "github"
      }
    },
    "treefmt-nix": {
      "inputs": {
        "nixpkgs": "nixpkgs_2"
      },
      "locked": {
        "lastModified": 1766000401,
        "narHash": "sha256-+cqN4PJz9y0JQXfAK5J1drd0U05D5fcAGhzhfVrDlsI=",
        "owner": "numtide",
        "repo": "treefmt-nix",
        "rev": "42d96e75aa56a3f70cab7e7dc4a32868db28e8fd",
        "type": "github"
      },
      "original": {
        "owner": "numtide",
        "repo": "treefmt-nix",
        "type": "github"
      }
    },
    "treefmt-nix_2": {
      "inputs": {
        "nixpkgs": "nixpkgs_4"
      },
      "locked": {
        "lastModified": 1766000401,
        "narHash": "sha256-+cqN4PJz9y0JQXfAK5J1drd0U05D5fcAGhzhfVrDlsI=",
        "owner": "numtide",
        "repo": "treefmt-nix",
        "rev": "42d96e75aa56a3f70cab7e7dc4a32868db28e8fd",
        "type": "github"
      },
      "original": {
        "owner": "numtide",
        "repo": "treefmt-nix",
        "type": "github"
      }
    },
    "vim-tidal": {
      "flake": false,
      "locked": {
        "lastModified": 1685703852,
        "narHash": "sha256-8gyk17YLeKpLpz3LRtxiwbpsIbZka9bb63nK5/9IUoA=",
        "owner": "tidalcycles",
        "repo": "vim-tidal",
        "rev": "e440fe5bdfe07f805e21e6872099685d38e8b761",
        "type": "github"
      },
      "original": {
        "owner": "tidalcycles",
        "repo": "vim-tidal",
        "type": "github"
      }
    },
    "vim-tidal-lua": {
      "flake": false,
      "locked": {
        "lastModified": 1775326921,
        "narHash": "sha256-sHXMLI7GIQrhSmtBbj626LquD0cqOByzSdqUci+RyUc=",
        "owner": "vaporif",
        "repo": "vim-tidal-lua",
        "rev": "b9233bd3b342971c9ac6811184c434d68043891d",
        "type": "github"
      },
      "original": {
        "owner": "vaporif",
        "repo": "vim-tidal-lua",
        "type": "github"
      }
    },
    "wezterm-agent-deck": {
      "flake": false,
      "locked": {
        "lastModified": 1774530253,
        "narHash": "sha256-ZAFs+JuCNUP13xUa7TbQqClGKGU7Xlsn88sI1/aCh0I=",
        "owner": "Eric162",
        "repo": "wezterm-agent-deck",
        "rev": "0bdd442bbe1c4a8d310580819a98790d0d66e670",
        "type": "github"
      },
      "original": {
        "owner": "Eric162",
        "repo": "wezterm-agent-deck",
        "type": "github"
      }
    },
    "wrappers": {
      "inputs": {
        "nixpkgs": [
          "nixpkgs"
        ]
      },
      "locked": {
        "lastModified": 1780661205,
        "narHash": "sha256-3F5DixT3Gk91lBI9E+TGMm0ko5HrRbDiL23di16TJGA=",
        "owner": "BirdeeHub",
        "repo": "nix-wrapper-modules",
        "rev": "8dd304c3582ddd339217e1cc5fb53f50acb63c2d",
        "type": "github"
      },
      "original": {
        "owner": "BirdeeHub",
        "repo": "nix-wrapper-modules",
        "type": "github"
      }
    },
    "wshobson-agents": {
      "flake": false,
      "locked": {
        "lastModified": 1781229338,
        "narHash": "sha256-ZgPkGhDhmxHoO+l0SVGSRPu01S3Nh9Jha++zYOvhXuA=",
        "owner": "wshobson",
        "repo": "agents",
        "rev": "cc37bfdd292ce520ba1c44df7a3a70d5f8137236",
        "type": "github"
      },
      "original": {
        "owner": "wshobson",
        "repo": "agents",
        "type": "github"
      }
    },
    "yafg-yazi": {
      "flake": false,
      "locked": {
        "lastModified": 1778052910,
        "narHash": "sha256-IKQscTTirtfbsXKzCmaokPDrQZqXa4MSY2+6DbEQluU=",
        "owner": "XYenon",
        "repo": "yafg.yazi",
        "rev": "e6ba85125bfa4e3a60ef28b70949299712103b2a",
        "type": "github"
      },
      "original": {
        "owner": "XYenon",
        "repo": "yafg.yazi",
        "type": "github"
      }
    },
    "yamb-yazi": {
      "flake": false,
      "locked": {
        "lastModified": 1764593341,
        "narHash": "sha256-3Cp3+v0laSVsDdTyG26EOh2xt18ER8P9Nla9vtRuj9k=",
        "owner": "h-hg",
        "repo": "yamb.yazi",
        "rev": "5f2e22e784dd5fc830cd85885a6d1d6690b52298",
        "type": "github"
      },
      "original": {
        "owner": "h-hg",
        "repo": "yamb.yazi",
        "type": "github"
      }
    }
  },
  "root": "root",
  "version": 7
}
