{
  "nodes": {
    "augment-command-yazi": {
      "flake": false,
      "locked": {
        "lastModified": 1782444556,
        "narHash": "sha256-sB2t3Gg+WdPG6OE8pD6VovD+x9nN21Jn8XydZZdTqCg=",
        "owner": "hankertrix",
        "repo": "augment-command.yazi",
        "rev": "dd2d6cf07f81cef543e37883352e30b91634ec86",
        "type": "github"
      },
      "original": {
        "owner": "hankertrix",
        "repo": "augment-command.yazi",
        "type": "github"
      }
    },
    "base16": {
      "inputs": {
        "fromYaml": "fromYaml"
      },
      "locked": {
        "lastModified": 1755819240,
        "narHash": "sha256-qcMhnL7aGAuFuutH4rq9fvAhCpJWVHLcHVZLtPctPlo=",
        "owner": "SenchoPens",
        "repo": "base16.nix",
        "rev": "75ed5e5e3fce37df22e49125181fa37899c3ccd6",
        "type": "github"
      },
      "original": {
        "owner": "SenchoPens",
        "repo": "base16.nix",
        "type": "github"
      }
    },
    "base16-fish": {
      "flake": false,
      "locked": {
        "lastModified": 1765809053,
        "narHash": "sha256-XCUQLoLfBJ8saWms2HCIj4NEN+xNsWBlU1NrEPcQG4s=",
        "owner": "tomyun",
        "repo": "base16-fish",
        "rev": "86cbea4dca62e08fb7fd83a70e96472f92574782",
        "type": "github"
      },
      "original": {
        "owner": "tomyun",
        "repo": "base16-fish",
        "rev": "86cbea4dca62e08fb7fd83a70e96472f92574782",
        "type": "github"
      }
    },
    "base16-helix": {
      "flake": false,
      "locked": {
        "lastModified": 1776754714,
        "narHash": "sha256-E3OAK27smtATTmX45uoTSRsVD+Y+ZiVVfgM/tjpbtYg=",
        "owner": "tinted-theming",
        "repo": "base16-helix",
        "rev": "4d508123037e7851ad36ebf7d9c48b0e9e1eb581",
        "type": "github"
      },
      "original": {
        "owner": "tinted-theming",
        "repo": "base16-helix",
        "type": "github"
      }
    },
    "base16-vim": {
      "flake": false,
      "locked": {
        "lastModified": 1732806396,
        "narHash": "sha256-e0bpPySdJf0F68Ndanwm+KWHgQiZ0s7liLhvJSWDNsA=",
        "owner": "tinted-theming",
        "repo": "base16-vim",
        "rev": "577fe8125d74ff456cf942c733a85d769afe58b7",
        "type": "github"
      },
      "original": {
        "owner": "tinted-theming",
        "repo": "base16-vim",
        "rev": "577fe8125d74ff456cf942c733a85d769afe58b7",
        "type": "github"
      }
    },
    "bevy-migration-gist": {
      "flake": false,
      "locked": {
        "lastModified": 1772408739,
        "narHash": "sha256-VdcRcPWr/ZNZsF0n8JwvToTr3vZ28rpSt0oA0QMSDEM=",
        "ref": "refs/heads/main",
        "rev": "1fe01db59442d33d1759d77d17495f1d8bd01520",
        "revCount": 1,
        "type": "git",
        "url": "https://gist.github.com/tobyhede/f03ab33c3ccdf1ac2ccfbfe76d6af912"
      },
      "original": {
        "type": "git",
        "url": "https://gist.github.com/tobyhede/f03ab33c3ccdf1ac2ccfbfe76d6af912"
      }
    },
    "cl-nix-lite": {
      "inputs": {
        "flake-parts": "flake-parts",
        "nixpkgs": "nixpkgs",
        "systems": "systems_2",
        "treefmt-nix": "treefmt-nix"
      },
      "locked": {
        "lastModified": 1782994178,
        "narHash": "sha256-VGc3/2fe6hnOmNSLlOygEAbeS69v7A7rjKDKRzAgE2Q=",
        "owner": "hraban",
        "repo": "cl-nix-lite",
        "rev": "eb584721e5e799bafe0c6210a8a1a398f90e8ac0",
        "type": "github"
      },
      "original": {
        "owner": "hraban",
        "repo": "cl-nix-lite",
        "type": "github"
      }
    },
    "claude-code-plugins": {
      "flake": false,
      "locked": {
        "lastModified": 1783693186,
        "narHash": "sha256-mRJvH+qq356WqS52AA5lZZOuJEDteGx1T/bojw5YteM=",
        "owner": "anthropics",
        "repo": "claude-plugins-official",
        "rev": "f8fe53a2f911ce16977d4d39ef0d7e2d3ca3d431",
        "type": "github"
      },
      "original": {
        "owner": "anthropics",
        "repo": "claude-plugins-official",
        "type": "github"
      }
    },
    "crane": {
      "locked": {
        "lastModified": 1775236976,
        "narHash": "sha256-gCgX+AXN7K1gAIEqcLcZHxmC+QoZcwn9m6Z9r2Az+N8=",
        "owner": "ipetkov",
        "repo": "crane",
        "rev": "6c23998526351a53ce734f0ac84940da988ccef1",
        "type": "github"
      },
      "original": {
        "owner": "ipetkov",
        "repo": "crane",
        "type": "github"
      }
    },
    "crane_2": {
      "locked": {
        "lastModified": 1773115265,
        "narHash": "sha256-5fDkKTYEgue2klksd52WvcXfZdY1EIlbk0QggAwpFog=",
        "owner": "ipetkov",
        "repo": "crane",
        "rev": "27711550d109bf6236478dc9f53b9e29c1a374c5",
        "type": "github"
      },
      "original": {
        "owner": "ipetkov",
        "repo": "crane",
        "type": "github"
      }
    },
    "crane_3": {
      "locked": {
        "lastModified": 1776635034,
        "narHash": "sha256-OEOJrT3ZfwbChzODfIH4GzlNTtOFuZFWPtW7jIeR8xU=",
        "owner": "ipetkov",
        "repo": "crane",
        "rev": "dc7496d8ea6e526b1254b55d09b966e94673750f",
        "type": "github"
      },
      "original": {
        "owner": "ipetkov",
        "repo": "crane",
        "type": "github"
      }
    },
    "devshell": {
      "inputs": {
        "nixpkgs": [
          "mcp-nixos",
          "nixpkgs"
        ]
      },
      "locked": {
        "lastModified": 1768818222,
        "narHash": "sha256-460jc0+CZfyaO8+w8JNtlClB2n4ui1RbHfPTLkpwhU8=",
        "owner": "numtide",
        "repo": "devshell",
        "rev": "255a2b1725a20d060f566e4755dbf571bbbb5f76",
        "type": "github"
      },
      "original": {
        "owner": "numtide",
        "repo": "devshell",
        "type": "github"
      }
    },
    "difftastic-nvim": {
      "flake": false,
      "locked": {
        "lastModified": 1783611154,
        "narHash": "sha256-x5rm54LdloowVFPtNGs/N6dAqcVe3tHH7eJjPvxdqzk=",
        "owner": "clabby",
        "repo": "difftastic.nvim",
        "rev": "c39bbe1c60eec06ad7d141bd09bb910fac4d2436",
        "type": "github"
      },
      "original": {
        "owner": "clabby",
        "repo": "difftastic.nvim",
        "type": "github"
      }
    },
    "difftastic-src": {
      "flake": false,
      "locked": {
        "lastModified": 1783539329,
        "narHash": "sha256-lckN1k6sd455taVNMLBs0xTtxu2M/quAQF2qxzXKLPE=",
        "owner": "Wilfred",
        "repo": "difftastic",
        "rev": "2ee1a3a9897e6620d3c421614d980d401383087a",
        "type": "github"
      },
      "original": {
        "owner": "Wilfred",
        "repo": "difftastic",
        "type": "github"
      }
    },
    "earthtone-nvim": {
      "inputs": {
        "nixpkgs": [
          "nixpkgs"
        ]
      },
      "locked": {
        "lastModified": 1772817840,
        "narHash": "sha256-dNjQrhhpDwpFrM0zLtEtkH6mtl1+YZYgCE4dt9wpSZE=",
        "owner": "vaporif",
        "repo": "earthtone.nvim",
        "rev": "13e350d153dbc6bc74d51fa0efb902831909d2a6",
        "type": "github"
      },
      "original": {
        "owner": "vaporif",
        "repo": "earthtone.nvim",
        "type": "github"
      }
    },
    "fenix": {
      "inputs": {
        "nixpkgs": [
          "ferrex",
          "nixpkgs"
        ],
        "rust-analyzer-src": "rust-analyzer-src"
      },
      "locked": {
        "lastModified": 1775201252,
        "narHash": "sha256-CFXf8rcU+NekWtu5fkI8x7QF9uoeJyaiNo/bvKK/lyY=",
        "owner": "nix-community",
        "repo": "fenix",
        "rev": "0b88bfd10f819d000d35d296debe283db89b623b",
        "type": "github"
      },
      "original": {
        "owner": "nix-community",
        "repo": "fenix",
        "type": "github"
      }
    },
    "fenix_2": {
      "inputs": {
        "nixpkgs": [
          "mcp-youtube",
          "nixpkgs"
        ],
        "rust-analyzer-src": "rust-analyzer-src_2"
      },
      "locked": {
        "lastModified": 1773126504,
        "narHash": "sha256-/iXlg2V5UMlgCmyRHkPHjlD6NdMfFOnwFMvH7REigD4=",
        "owner": "nix-community",
        "repo": "fenix",
        "rev": "64407ddb1932af06ed5cd711f6a2ed946b2548b9",
        "type": "github"
      },
      "original": {
        "owner": "nix-community",
        "repo": "fenix",
        "type": "github"
      }
    },
    "fenix_3": {
      "inputs": {
        "nixpkgs": [
          "nix-devshells",
          "nixpkgs"
        ],
        "rust-analyzer-src": "rust-analyzer-src_3"
      },
      "locked": {
        "lastModified": 1782900513,
        "narHash": "sha256-GHrsl1+ysDFgmDQtQSqWS7TiYD2Q58VlwLvnf1+crJM=",
        "owner": "nix-community",
        "repo": "fenix",
        "rev": "16810aa8f4ad89ca480b1513774e8b6f485fe368",
        "type": "github"
      },
      "original": {
        "owner": "nix-community",
        "repo": "fenix",
        "type": "github"
      }
    },
    "fenix_4": {
      "inputs": {
        "nixpkgs": [
          "parry-guard",
          "nixpkgs"
        ],
        "rust-analyzer-src": "rust-analyzer-src_4"
      },
      "locked": {
        "lastModified": 1776673701,
        "narHash": "sha256-3rHmpU0phsXWJtSNbiolAeMzwLN+51G1Ji4FVENurMw=",
        "owner": "nix-community",
        "repo": "fenix",
        "rev": "d0ff0a903e7db7f8e71d5f7862446b7c92f12df7",
        "type": "github"
      },
      "original": {
        "owner": "nix-community",
        "repo": "fenix",
        "type": "github"
      }
    },
    "ferrex": {
      "inputs": {
        "crane": "crane",
        "fenix": "fenix",
        "nixpkgs": [
          "nixpkgs"
        ]
      },
      "locked": {
        "lastModified": 1776124385,
        "narHash": "sha256-Uq8CWpRlLw7Fw39x65r+vqbZOveYpvRoqsIHfzoOFVE=",
        "owner": "vaporif",
        "repo": "ferrex",
        "rev": "afe4d140f06b964f045a43925b7a4d76f1f4aca9",
        "type": "github"
      },
      "original": {
        "owner": "vaporif",
        "repo": "ferrex",
        "type": "github"
      }
    },
    "firefox-gnome-theme": {
      "flake": false,
      "locked": {
        "lastModified": 1779670703,
        "narHash": "sha256-UdfMivNMwCCqQsYDg5pSz8X2IOaOrIZLIIy+Bg3CO2o=",
        "owner": "rafaelmardojai",
        "repo": "firefox-gnome-theme",
        "rev": "942159e73e40bf785816f7f1f5feed9ef3d7c8f9",
        "type": "github"
      },
      "original": {
        "owner": "rafaelmardojai",
        "repo": "firefox-gnome-theme",
        "type": "github"
      }
    },
    "flake-compat": {
      "flake": false,
      "locked": {
        "lastModified": 1766808011,
        "narHash": "sha256-s83BS0abtIj7vzUf8JE0209KphfHA6qRw/92D9k/F+0=",
        "owner": "hraban",
        "repo": "flake-compat",
        "rev": "6e0aafdc4c4c2043c66f756d5045374b42184fc5",
        "type": "github"
      },
      "original": {
        "owner": "hraban",
        "ref": "fixed-output",
        "repo": "flake-compat",
        "type": "github"
      }
    },
    "flake-parts": {
      "inputs": {
        "nixpkgs-lib": "nixpkgs-lib"
      },
      "locked": {
        "lastModified": 1765835352,
        "narHash": "sha256-XswHlK/Qtjasvhd1nOa1e8MgZ8GS//jBoTqWtrS1Giw=",
        "owner": "hercules-ci",
        "repo": "flake-parts",
        "rev": "a34fae9c08a15ad73f295041fec82323541400a9",
        "type": "github"
      },
      "original": {
        "owner": "hercules-ci",
        "repo": "flake-parts",
        "type": "github"
      }
    },
    "flake-parts_2": {
      "inputs": {
        "nixpkgs-lib": "nixpkgs-lib_2"
      },
      "locked": {
        "lastModified": 1767609335,
        "narHash": "sha256-feveD98mQpptwrAEggBQKJTYbvwwglSbOv53uCfH9PY=",
        "owner": "hercules-ci",
        "repo": "flake-parts",
        "rev": "250481aafeb741edfe23d29195671c19b36b6dca",
        "type": "github"
      },
      "original": {
        "owner": "hercules-ci",
        "repo": "flake-parts",
        "type": "github"
      }
    },
    "flake-parts_3": {
      "inputs": {
        "nixpkgs-lib": "nixpkgs-lib_3"
      },
      "locked": {
        "lastModified": 1782949081,
        "narHash": "sha256-vp6Y/Grm98ESt6ceOkWiHWyZRDV3J1RID4w+6NWK9yA=",
        "owner": "hercules-ci",
        "repo": "flake-parts",
        "rev": "17c9d6cdfc60c64f4ee8d306f9bc0b4ccb51481e",
        "type": "github"
      },
      "original": {
        "owner": "hercules-ci",
        "repo": "flake-parts",
        "type": "github"
      }
    },
    "flake-parts_4": {
      "inputs": {
        "nixpkgs-lib": [
          "stylix",
          "nixpkgs"
        ]
      },
      "locked": {
        "lastModified": 1778716662,
        "narHash": "sha256-m1Yf0wZ8j1OHjTc2UwHwyQRSnNeSgLJOd7q5Y45hzi4=",
        "owner": "hercules-ci",
        "repo": "flake-parts",
        "rev": "f7c1a2d347e4c52d5fb8d10cb4d94b5884e546fb",
        "type": "github"
      },
      "original": {
        "owner": "hercules-ci",
        "repo": "flake-parts",
        "type": "github"
      }
    },
    "flake-utils": {
      "inputs": {
        "systems": "systems"
      },
      "locked": {
        "lastModified": 1731533236,
        "narHash": "sha256-l0KFg5HjrsfsO/JpG+r7fRrqm12kzFHyUHqHCVpMMbI=",
        "owner": "numtide",
        "repo": "flake-utils",
        "rev": "11707dc2f618dd54ca8739b309ec4fc024de578b",
        "type": "github"
      },
      "original": {
        "owner": "numtide",
        "repo": "flake-utils",
        "type": "github"
      }
    },
    "fromYaml": {
      "flake": false,
      "locked": {
        "lastModified": 1731966426,
        "narHash": "sha256-lq95WydhbUTWig/JpqiB7oViTcHFP8Lv41IGtayokA8=",
        "owner": "SenchoPens",
        "repo": "fromYaml",
        "rev": "106af9e2f715e2d828df706c386a685698f3223b",
        "type": "github"
      },
      "original": {
        "owner": "SenchoPens",
        "repo": "fromYaml",
        "type": "github"
      }
    },
    "gnome-shell": {
      "flake": false,
      "locked": {
        "lastModified": 1767737596,
        "narHash": "sha256-eFujfIUQDgWnSJBablOuG+32hCai192yRdrNHTv0a+s=",
        "owner": "GNOME",
        "repo": "gnome-shell",
        "rev": "ef02db02bf0ff342734d525b5767814770d85b49",
        "type": "github"
      },
      "original": {
        "owner": "GNOME",
        "repo": "gnome-shell",
        "rev": "ef02db02bf0ff342734d525b5767814770d85b49",
        "type": "github"
      }
    },
    "go-mod-nvim": {
      "flake": false,
      "locked": {
        "lastModified": 1743642915,
        "narHash": "sha256-+USgjGhbqBnZwhgg/83Sb/SvbB91Q44fcwPLj8zoBh4=",
        "owner": "syz51",
        "repo": "go-mod.nvim",
        "rev": "945a52b148b1025fa5e2820aa34ed83f6e90d3ed",
        "type": "github"
      },
      "original": {
        "owner": "syz51",
        "repo": "go-mod.nvim",
        "type": "github"
      }
    },
    "home-manager": {
      "inputs": {
        "nixpkgs": [
          "nixpkgs"
        ]
      },
      "locked": {
        "lastModified": 1783689750,
        "narHash": "sha256-iMO/Ypany7DPXD6D7sQgH7METtEUihnOvdb+A9ehn8k=",
        "owner": "nix-community",
        "repo": "home-manager",
        "rev": "79e6082586b3680ff32c8e75127545058f074fa4",
        "type": "github"
      },
      "original": {
        "owner": "nix-community",
        "repo": "home-manager",
        "type": "github"
      }
    },
    "humanizer": {
      "flake": false,
      "locked": {
        "lastModified": 1782765784,
        "narHash": "sha256-3+LoQ18+lcMxuEz8TLro0haScrgv3yJ6lDpMvU1qL3M=",
        "owner": "blader",
        "repo": "humanizer",
        "rev": "1b48564898e999219882660237fde01bf4843a0f",
        "type": "github"
      },
      "original": {
        "owner": "blader",
        "repo": "humanizer",
        "type": "github"
      }
    },
    "mac-app-util": {
      "inputs": {
        "cl-nix-lite": "cl-nix-lite",
        "flake-compat": "flake-compat",
        "flake-utils": [
          "flake-utils"
        ],
        "nixpkgs": "nixpkgs_3",
        "systems": "systems_3",
        "treefmt-nix": "treefmt-nix_2"
      },
      "locked": {
        "lastModified": 1783182903,
        "narHash": "sha256-7IteXipJZfFepi5zakxe0jQ5i3vRBQguk0+Gtte1Fu4=",
        "owner": "hraban",
        "repo": "mac-app-util",
        "rev": "039f33deef21782d4db97087f426504951239887",
        "type": "github"
      },
      "original": {
        "owner": "hraban",
        "repo": "mac-app-util",
        "type": "github"
      }
    },
    "mattpocock-skills": {
      "flake": false,
      "locked": {
        "lastModified": 1783689299,
        "narHash": "sha256-gFPkjrujFAoNXYa0ariPKTj/xBoiCTLUo3X20qrTzRE=",
        "owner": "mattpocock",
        "repo": "skills",
        "rev": "391a2701dd948f94f56a39f7533f8eea9a859c87",
        "type": "github"
      },
      "original": {
        "owner": "mattpocock",
        "repo": "skills",
        "type": "github"
      }
    },
    "mcp-nixos": {
      "inputs": {
        "devshell": "devshell",
        "flake-parts": "flake-parts_2",
        "nixpkgs": [
          "nixpkgs"
        ]
      },
      "locked": {
        "lastModified": 1778979290,
        "narHash": "sha256-rZ9Zn3+Z1VsZx1v9RDFVPwcbA0GJdewUm4cw7OQQuMM=",
        "owner": "utensils",
        "repo": "mcp-nixos",
        "rev": "0ef99b6a5674e60ca315dc55a0f458673bb1e4fa",
        "type": "github"
      },
      "original": {
        "owner": "utensils",
        "repo": "mcp-nixos",
        "type": "github"
      }
    },
    "mcp-servers-nix": {
      "inputs": {
        "nixpkgs": [
          "nixpkgs"
        ]
      },
      "locked": {
        "lastModified": 1783692120,
        "narHash": "sha256-buuxk/mFp4ieDm5wAqJdCYF66O1E/sV4X/oPzDtrYN0=",
        "owner": "natsukium",
        "repo": "mcp-servers-nix",
        "rev": "a30d74f267fdec486c8500dbf73980f097d5f0d7",
        "type": "github"
      },
      "original": {
        "owner": "natsukium",
        "repo": "mcp-servers-nix",
        "type": "github"
      }
    },
    "mcp-youtube": {
      "inputs": {
        "crane": "crane_2",
        "fenix": "fenix_2",
        "nixpkgs": [
          "nixpkgs"
        ]
      },
      "locked": {
        "lastModified": 1773432063,
        "narHash": "sha256-f/gKMvhx/gk5OlI797EStMCRWpGKeeuRgqq5purY21M=",
        "owner": "vaporif",
        "repo": "mcp-server-youtube",
        "rev": "4ec9581c3d2f6b621d50063ebf9c9e45056c90f9",
        "type": "github"
      },
      "original": {
        "owner": "vaporif",
        "repo": "mcp-server-youtube",
        "type": "github"
      }
    },
    "napkin": {
      "flake": false,
      "locked": {
        "lastModified": 1771635751,
        "narHash": "sha256-M7+QS8paZAbEHGkweZJUXggskPGlo6GzAAIG283Ft04=",
        "owner": "blader",
        "repo": "napkin",
        "rev": "27fa60a895de4383b26a539136bc983155cb979c",
        "type": "github"
      },
      "original": {
        "owner": "blader",
        "repo": "napkin",
        "type": "github"
      }
    },
    "nix-darwin": {
      "inputs": {
        "nixpkgs": [
          "nixpkgs"
        ]
      },
      "locked": {
        "lastModified": 1783395956,
        "narHash": "sha256-AAbexQvDoK+6GFJdhY6kqjA+6ECKRkidgWxkn4gMwAA=",
        "owner": "nix-darwin",
        "repo": "nix-darwin",
        "rev": "d5bd9cd77aea4c0a8f49e7fd85545671a208ed15",
        "type": "github"
      },
      "original": {
        "owner": "nix-darwin",
        "ref": "master",
        "repo": "nix-darwin",
        "type": "github"
      }
    },
    "nix-devshells": {
      "inputs": {
        "fenix": "fenix_3",
        "flake-parts": "flake-parts_3",
        "nixpkgs": [
          "nixpkgs"
        ]
      },
      "locked": {
        "lastModified": 1783443629,
        "narHash": "sha256-Nc61MenXRL9j2iOzTIMe6eS+aQ6hT3SgyN+VajxfheM=",
        "owner": "vaporif",
        "repo": "nix-devshells",
        "rev": "c3ba54523d368583d39f3bb6daf9215876c5ed13",
        "type": "github"
      },
      "original": {
        "owner": "vaporif",
        "repo": "nix-devshells",
        "type": "github"
      }
    },
    "nixpkgs": {
      "locked": {
        "lastModified": 1779796641,
        "narHash": "sha256-ZsIrKmhp4vbBXoXXmR/tBXA/UCsAQiJL9vsgZEduhVY=",
        "owner": "nixos",
        "repo": "nixpkgs",
        "rev": "25f538306313eae3927264466c70d7001dcea1df",
        "type": "github"
      },
      "original": {
        "owner": "nixos",
        "ref": "nixos-25.11",
        "repo": "nixpkgs",
        "type": "github"
      }
    },
    "nixpkgs-lib": {
      "locked": {
        "lastModified": 1765674936,
        "narHash": "sha256-k00uTP4JNfmejrCLJOwdObYC9jHRrr/5M/a/8L2EIdo=",
        "owner": "nix-community",
        "repo": "nixpkgs.lib",
        "rev": "2075416fcb47225d9b68ac469a5c4801a9c4dd85",
        "type": "github"
      },
      "original": {
        "owner": "nix-community",
        "repo": "nixpkgs.lib",
        "type": "github"
      }
    },
    "nixpkgs-lib_2": {
      "locked": {
        "lastModified": 1765674936,
        "narHash": "sha256-k00uTP4JNfmejrCLJOwdObYC9jHRrr/5M/a/8L2EIdo=",
        "owner": "nix-community",
        "repo": "nixpkgs.lib",
        "rev": "2075416fcb47225d9b68ac469a5c4801a9c4dd85",
        "type": "github"
      },
      "original": {
        "owner": "nix-community",
        "repo": "nixpkgs.lib",
        "type": "github"
      }
    },
    "nixpkgs-lib_3": {
      "locked": {
        "lastModified": 1782614948,
        "narHash": "sha256-ePjCwr1sNm9NYUqywL7QfK3JnlS015msC+eBu2zKlp8=",
        "owner": "nix-community",
        "repo": "nixpkgs.lib",
        "rev": "db3f255737b94216eb71cce308e2912cf6bc2d7c",
        "type": "github"
      },
      "original": {
        "owner": "nix-community",
        "repo": "nixpkgs.lib",
        "type": "github"
      }
    },
    "nixpkgs_2": {
      "locked": {
        "lastModified": 1761236834,
        "narHash": "sha256-+pthv6hrL5VLW2UqPdISGuLiUZ6SnAXdd2DdUE+fV2Q=",
        "owner": "nixos",
        "repo": "nixpkgs",
        "rev": "d5faa84122bc0a1fd5d378492efce4e289f8eac1",
        "type": "github"
      },
      "original": {
        "owner": "nixos",
        "ref": "nixpkgs-unstable",
        "repo": "nixpkgs",
        "type": "github"
      }
    },
    "nixpkgs_3": {
      "locked": {
        "lastModified": 1782999065,
        "narHash": "sha256-5Dgj5+pIQYZKrXUGaLCk7CKfN3MmpwIhO94++WVxvng=",
        "owner": "NixOS",
        "repo": "nixpkgs",
        "rev": "80d591ed473cfc46329932c2aadac9b435342c7c",
        "type": "github"
      },
      "original": {
        "owner": "NixOS",
        "ref": "nixos-26.05",
        "repo": "nixpkgs",
        "type": "github"
      }
    },
    "nixpkgs_4": {
      "locked": {
        "lastModified": 1770107345,
        "narHash": "sha256-tbS0Ebx2PiA1FRW8mt8oejR0qMXmziJmPaU1d4kYY9g=",
        "owner": "nixos",
        "repo": "nixpkgs",
        "rev": "4533d9293756b63904b7238acb84ac8fe4c8c2c4",
        "type": "github"
      },
      "original": {
        "owner": "nixos",
        "ref": "nixpkgs-unstable",
        "repo": "nixpkgs",
        "type": "github"
      }
    },
    "nixpkgs_5": {
      "locked": {
        "lastModified": 1783475452,
        "narHash": "sha256-3S92fSuv32mjJz2Qb2F4405c21J55F4NIphz5K6hxco=",
        "owner": "NixOS",
        "repo": "nixpkgs",
        "rev": "05988b07fb05cbcb50be6bce197b4b5f75b5e61b",
        "type": "github"
      },
      "original": {
        "owner": "NixOS",
        "ref": "nixpkgs-unstable",
        "repo": "nixpkgs",
        "type": "github"
      }
    },
    "nur": {
      "inputs": {
        "flake-parts": [
          "stylix",
          "flake-parts"
        ],
        "nixpkgs": [
          "stylix",
          "nixpkgs"
        ]
      },
      "locked": {
        "lastModified": 1780281641,
        "narHash": "sha256-M/+hUKoKbHXpV0xGVfELbN1Ds1aoe3pL5p5/t46YhVo=",
        "owner": "nix-community",
        "repo": "NUR",
        "rev": "30f9ae2f04174de63ba8bcf3580ca90843b28a01",
        "type": "github"
      },
      "original": {
        "owner": "nix-community",
        "repo": "NUR",
        "type": "github"
      }
    },
    "parry-guard": {
      "inputs": {
        "crane": "crane_3",
        "fenix": "fenix_4",
        "nixpkgs": [
          "nixpkgs"
        ]
      },
      "locked": {
        "lastModified": 1778414686,
        "narHash": "sha256-9mBHHHvbMEwjYLrF9bs49qNV0qvytkgscrzYz/VvUf0=",
        "owner": "vaporif",
        "repo": "parry-guard",
        "rev": "a31192b6b7dc08c3b001c88459227f927b260aa2",
        "type": "github"
      },
      "original": {
        "owner": "vaporif",
        "repo": "parry-guard",
        "type": "github"
      }
    },
    "root": {
      "inputs": {
        "augment-command-yazi": "augment-command-yazi",
        "bevy-migration-gist": "bevy-migration-gist",
        "claude-code-plugins": "claude-code-plugins",
        "difftastic-nvim": "difftastic-nvim",
        "difftastic-src": "difftastic-src",
        "earthtone-nvim": "earthtone-nvim",
        "ferrex": "ferrex",
        "flake-utils": "flake-utils",
        "go-mod-nvim": "go-mod-nvim",
        "home-manager": "home-manager",
        "humanizer": "humanizer",
        "mac-app-util": "mac-app-util",
        "mattpocock-skills": "mattpocock-skills",
        "mcp-nixos": "mcp-nixos",
        "mcp-servers-nix": "mcp-servers-nix",
        "mcp-youtube": "mcp-youtube",
        "napkin": "napkin",
        "nix-darwin": "nix-darwin",
        "nix-devshells": "nix-devshells",
        "nixpkgs": "nixpkgs_5",
        "parry-guard": "parry-guard",
        "sandnix": "sandnix",
        "sops-nix": "sops-nix",
        "stylix": "stylix",
        "superpowers": "superpowers",
        "vim-tidal": "vim-tidal",
        "vim-tidal-lua": "vim-tidal-lua",
        "wezterm-agent-deck": "wezterm-agent-deck",
        "wrappers": "wrappers",
        "wshobson-agents": "wshobson-agents",
        "yafg-yazi": "yafg-yazi",
        "yamb-yazi": "yamb-yazi"
      }
    },
    "rust-analyzer-src": {
      "flake": false,
      "locked": {
        "lastModified": 1775174431,
        "narHash": "sha256-jSw1C5MuyySiCpPgjdR+H0wPR3AgPRuylLunw+yd7A0=",
        "owner": "rust-lang",
        "repo": "rust-analyzer",
        "rev": "9767050b2db436f5a770c5f91a548c88fd91ec71",
        "type": "github"
      },
      "original": {
        "owner": "rust-lang",
        "ref": "nightly",
        "repo": "rust-analyzer",
        "type": "github"
      }
    },
    "rust-analyzer-src_2": {
      "flake": false,
      "locked": {
        "lastModified": 1773053271,
        "narHash": "sha256-5xc4Bk4/AgIOpf8NSNJxD+vNJ9KVyDailQ1EmfMmwjE=",
        "owner": "rust-lang",
        "repo": "rust-analyzer",
        "rev": "16e4436162aae5dbfe5b5ebb9ed0ded2305cff25",
        "type": "github"
      },
      "original": {
        "owner": "rust-lang",
        "ref": "nightly",
        "repo": "rust-analyzer",
        "type": "github"
      }
    },
    "rust-analyzer-src_3": {
      "flake": false,
      "locked": {
        "lastModified": 1782864348,
        "narHash": "sha256-NVYhLbaefeIUftPlo3kS6qr0xd8eFJRodEiaHrvFKR4=",
        "owner": "rust-lang",
        "repo": "rust-analyzer",
        "rev": "0d381ca097a8e0375a19387874d952c0a230ac4f",
        "type": "github"
      },
      "original": {
        "owner": "rust-lang",
        "ref": "nightly",
        "repo": "rust-analyzer",
        "type": "github"
      }
    },
    "rust-analyzer-src_4": {
      "flake": false,
      "locked": {
        "lastModified": 1776636258,
        "narHash": "sha256-F3vhhEDyiPPWuYFxjFw+sv7BnLAGeb2bgS6xV+snvVQ=",
        "owner": "rust-lang",
        "repo": "rust-analyzer",
        "rev": "adef948679e1f550805eeb2a78d10e25c0279f54",
        "type": "github"
      },
      "original": {
        "owner": "rust-lang",
        "ref": "nightly",
        "repo": "rust-analyzer",
        "type": "github"
      }
    },
    "sandnix": {
      "locked": {
        "lastModified": 1777524131,
        "narHash": "sha256-ZdPRzFA05rJxWyXo+9odazeaADodo0Uxv0UHeXWV70w=",
        "owner": "srid",
        "repo": "sandnix",
        "rev": "0a05a4fbdf0fc98157a4efd6f4738fd1c2d995a8",
        "type": "github"
      },
      "original": {
        "owner": "srid",
        "repo": "sandnix",
        "type": "github"
      }
    },
    "sops-nix": {
      "inputs": {
        "nixpkgs": [
          "nixpkgs"
        ]
      },
      "locked": {
        "lastModified": 1783174389,
        "narHash": "sha256-aCWC8ngycU7OdJrU2+Je3qf+1a2ykuBvpPhZT/9tXMc=",
        "owner": "Mic92",
        "repo": "sops-nix",
        "rev": "f1406619a3884cd5c47992a70b8b35c9c0fcb4c9",
        "type": "github"
      },
      "original": {
        "owner": "Mic92",
        "repo": "sops-nix",
        "type": "github"
      }
    },
    "stylix": {
      "inputs": {
        "base16": "base16",
        "base16-fish": "base16-fish",
        "base16-helix": "base16-helix",
        "base16-vim": "base16-vim",
        "firefox-gnome-theme": "firefox-gnome-theme",
        "flake-parts": "flake-parts_4",
        "gnome-shell": "gnome-shell",
        "nixpkgs": [
          "nixpkgs"
        ],
        "nur": "nur",
        "systems": "systems_4",
        "tinted-kitty": "tinted-kitty",
        "tinted-schemes": "tinted-schemes",
        "tinted-tmux": "tinted-tmux",
        "tinted-zed": "tinted-zed"
      },
      "locked": {
        "lastModified": 1783358511,
        "narHash": "sha256-/F85cBWvU8b2hpawuCog464065ZTJtdMgVPWwJ9yHjE=",
        "owner": "nix-community",
        "repo": "stylix",
        "rev": "14814ef555d8148ab82eba5054e654cd9eae3a1f",
        "type": "github"
      },
      "original": {
        "owner": "nix-community",
        "repo": "stylix",
        "type": "github"
      }
    },
    "superpowers": {
      "flake": false,
      "locked": {
        "lastModified": 1783029415,
        "narHash": "sha256-kHdQ9e44doBk2yYW88tMSCqVG8ycYcvJSZlrIziXhpA=",
        "owner": "obra",
        "repo": "superpowers",
        "rev": "d884ae04edebef577e82ff7c4e143debd0bbec99",
        "type": "github"
      },
      "original": {
        "owner": "obra",
        "repo": "superpowers",
        "type": "github"
      }
    },
    "systems": {
      "locked": {
        "lastModified": 1681028828,
        "narHash": "sha256-Vy1rq5AaRuLzOxct8nz4T6wlgyUR7zLU309k9mBC768=",
        "owner": "nix-systems",
        "repo": "default",
        "rev": "da67096a3b9bf56a91d16901293e51ba5b49a27e",
        "type": "github"
      },
      "original": {
        "owner": "nix-systems",
        "repo": "default",
        "type": "github"
      }
    },
    "systems_2": {
      "locked": {
        "lastModified": 1681028828,
        "narHash": "sha256-Vy1rq5AaRuLzOxct8nz4T6wlgyUR7zLU309k9mBC768=",
        "owner": "nix-systems",
        "repo": "default",
        "rev": "da67096a3b9bf56a91d16901293e51ba5b49a27e",
        "type": "github"
      },
      "original": {
        "owner": "nix-systems",
        "repo": "default",
        "type": "github"
      }
    },
    "systems_3": {
      "locked": {
        "lastModified": 1689347925,
        "narHash": "sha256-ozenz5bFe1UUqOn7f60HRmgc01BgTGIKZ4Xl+HbocGQ=",
        "owner": "nix-systems",
        "repo": "default-darwin",
        "rev": "2235d7e6cc29ae99878133c95e9fe5e157661ffb",
        "type": "github"
      },
      "original": {
        "owner": "nix-systems",
        "repo": "default-darwin",
        "type": "github"
      }
    },
    "systems_4": {
      "locked": {
        "lastModified": 1681028828,
        "narHash": "sha256-Vy1rq5AaRuLzOxct8nz4T6wlgyUR7zLU309k9mBC768=",
        "owner": "nix-systems",
        "repo": "default",
        "rev": "da67096a3b9bf56a91d16901293e51ba5b49a27e",
        "type": "github"
      },
      "original": {
        "owner": "nix-systems",
        "repo": "default",
        "type": "github"
      }
    },
    "tinted-kitty": {
      "flake": false,
      "locked": {
        "lastModified": 1735730497,
        "narHash": "sha256-4KtB+FiUzIeK/4aHCKce3V9HwRvYaxX+F1edUrfgzb8=",
        "owner": "tinted-theming",
        "repo": "tinted-kitty",
        "rev": "de6f888497f2c6b2279361bfc790f164bfd0f3fa",
        "type": "github"
      },
      "original": {
        "owner": "tinted-theming",
        "repo": "tinted-kitty",
        "type": "github"
      }
    },
    "tinted-schemes": {
      "flake": false,
      "locked": {
        "lastModified": 1777806186,
        "narHash": "sha256-PDF0/wObw4nIsSBeXVYLsloXOiphXCgIdsrNcVXguKs=",
        "owner": "tinted-theming",
        "repo": "schemes",
        "rev": "0c94645546f4f3ddac77a1a5fce54eb95bf50795",
        "type": "github"
      },
      "original": {
        "owner": "tinted-theming",
        "repo": "schemes",
        "type": "github"
      }
    },
    "tinted-tmux": {
      "flake": false,
      "locked": {
        "lastModified": 1778379944,
        "narHash": "sha256-wPDFzMGSlARlw0Sfsn48Q2+jPSfk6N0Ng6BC/d+7Q24=",
        "owner": "tinted-theming",
        "repo": "tinted-tmux",
        "rev": "fe0203a198690e71a5ff11e08812a4673de3678d",
        "type": "github"
      },
      "original": {
        "owner": "tinted-theming",
        "repo": "tinted-tmux",
        "type": "github"
      }
    },
    "tinted-zed": {
      "flake": false,
      "locked": {
        "lastModified": 1778378178,
        "narHash": "sha256-OXPXRIQgGwV77HjYRryOHguh4ALX96jkg+tseLkGgHA=",
        "owner": "tinted-theming",
        "repo": "base16-zed",
        "rev": "9cd816033ff969415b190722cddf134e78a5665f",
        "type": "github"
      },
      "original": {
        "owner": "tinted-theming",
        "repo": "base16-zed",
        "type": "github"
      }
    },
    "treefmt-nix": {
      "inputs": {
        "nixpkgs": "nixpkgs_2"
      },
      "locked": {
        "lastModified": 1766000401,
        "narHash": "sha256-+cqN4PJz9y0JQXfAK5J1drd0U05D5fcAGhzhfVrDlsI=",
        "owner": "numtide",
        "repo": "treefmt-nix",
        "rev": "42d96e75aa56a3f70cab7e7dc4a32868db28e8fd",
        "type": "github"
      },
      "original": {
        "owner": "numtide",
        "repo": "treefmt-nix",
        "type": "github"
      }
    },
    "treefmt-nix_2": {
      "inputs": {
        "nixpkgs": "nixpkgs_4"
      },
      "locked": {
        "lastModified": 1780220602,
        "narHash": "sha256-eynAfOmbmxJnkp7YewvCEbShNnnYJ9gLLqkzsYtBPeM=",
        "owner": "numtide",
        "repo": "treefmt-nix",
        "rev": "db947814a175b7ca6ded66e21383d938df01c227",
        "type": "github"
      },
      "original": {
        "owner": "numtide",
        "repo": "treefmt-nix",
        "type": "github"
      }
    },
    "vim-tidal": {
      "flake": false,
      "locked": {
        "lastModified": 1685703852,
        "narHash": "sha256-8gyk17YLeKpLpz3LRtxiwbpsIbZka9bb63nK5/9IUoA=",
        "owner": "tidalcycles",
        "repo": "vim-tidal",
        "rev": "e440fe5bdfe07f805e21e6872099685d38e8b761",
        "type": "github"
      },
      "original": {
        "owner": "tidalcycles",
        "repo": "vim-tidal",
        "type": "github"
      }
    },
    "vim-tidal-lua": {
      "flake": false,
      "locked": {
        "lastModified": 1775326921,
        "narHash": "sha256-sHXMLI7GIQrhSmtBbj626LquD0cqOByzSdqUci+RyUc=",
        "owner": "vaporif",
        "repo": "vim-tidal-lua",
        "rev": "b9233bd3b342971c9ac6811184c434d68043891d",
        "type": "github"
      },
      "original": {
        "owner": "vaporif",
        "repo": "vim-tidal-lua",
        "type": "github"
      }
    },
    "wezterm-agent-deck": {
      "flake": false,
      "locked": {
        "lastModified": 1774530253,
        "narHash": "sha256-ZAFs+JuCNUP13xUa7TbQqClGKGU7Xlsn88sI1/aCh0I=",
        "owner": "Eric162",
        "repo": "wezterm-agent-deck",
        "rev": "0bdd442bbe1c4a8d310580819a98790d0d66e670",
        "type": "github"
      },
      "original": {
        "owner": "Eric162",
        "repo": "wezterm-agent-deck",
        "type": "github"
      }
    },
    "wrappers": {
      "inputs": {
        "nixpkgs": [
          "nixpkgs"
        ]
      },
      "locked": {
        "lastModified": 1782135443,
        "narHash": "sha256-vAmbArdCyjqpVW+37aCy/PMBOLIqukUXLQuEKLwUhA4=",
        "owner": "BirdeeHub",
        "repo": "nix-wrapper-modules",
        "rev": "6e7f66fa2cdf4d63162580b438f7fcf87c28a46f",
        "type": "github"
      },
      "original": {
        "owner": "BirdeeHub",
        "repo": "nix-wrapper-modules",
        "type": "github"
      }
    },
    "wshobson-agents": {
      "flake": false,
      "locked": {
        "lastModified": 1783521134,
        "narHash": "sha256-oeTtM2cSMWYC55B0qLZJIOsU5VLPLSkM8E7PsPbNPQU=",
        "owner": "wshobson",
        "repo": "agents",
        "rev": "d7cf7dca8c4c7d0635e284f77204daa85552bfa4",
        "type": "github"
      },
      "original": {
        "owner": "wshobson",
        "repo": "agents",
        "type": "github"
      }
    },
    "yafg-yazi": {
      "flake": false,
      "locked": {
        "lastModified": 1778052910,
        "narHash": "sha256-IKQscTTirtfbsXKzCmaokPDrQZqXa4MSY2+6DbEQluU=",
        "owner": "XYenon",
        "repo": "yafg.yazi",
        "rev": "e6ba85125bfa4e3a60ef28b70949299712103b2a",
        "type": "github"
      },
      "original": {
        "owner": "XYenon",
        "repo": "yafg.yazi",
        "type": "github"
      }
    },
    "yamb-yazi": {
      "flake": false,
      "locked": {
        "lastModified": 1764593341,
        "narHash": "sha256-3Cp3+v0laSVsDdTyG26EOh2xt18ER8P9Nla9vtRuj9k=",
        "owner": "h-hg",
        "repo": "yamb.yazi",
        "rev": "5f2e22e784dd5fc830cd85885a6d1d6690b52298",
        "type": "github"
      },
      "original": {
        "owner": "h-hg",
        "repo": "yamb.yazi",
        "type": "github"
      }
    }
  },
  "root": "root",
  "version": 7
}
